
Microsoft Visual Studio Solution File, Format Version 12.00
# Visual Studio 14
VisualStudioVersion = 14.0.23107.0
MinimumVisualStudioVersion = 10.0.40219.1
Project("{FAE04EC0-301F-11D3-BF4B-00C04F79EFBC}") = "HoGameEIS", "HoGameEIS\HoGameEIS.csproj", "{830F4A91-1064-4630-A5D2-AE61380B20F8}"
EndProject
Project("{FAE04EC0-301F-11D3-BF4B-00C04F79EFBC}") = "BasicWebSocket", "BasicWebSocket\BasicWebSocket.csproj", "{0C4B95DD-43EC-4325-B125-E01542057973}"
EndProject
Project("{2150E333-8FDC-42A3-9474-1A3956D46DE8}") = "WebsocketNodeJsServer", "WebsocketNodeJsServer", "{F00345BD-A149-4D7E-B9E6-D76FB05B7D55}"
	ProjectSection(SolutionItems) = preProject
		WebsocketNodeJsServer\run.bat = WebsocketNodeJsServer\run.bat
		WebsocketNodeJsServer\server.js = WebsocketNodeJsServer\server.js
	EndProjectSection
EndProject
Project("{FAE04EC0-301F-11D3-BF4B-00C04F79EFBC}") = "Web", "Web\Web.csproj", "{52F7C8DC-52D1-4F79-8FAE-CB05D8B7B81D}"
EndProject
Global
	GlobalSection(SolutionConfigurationPlatforms) = preSolution
		Debug|Any CPU = Debug|Any CPU
		Release|Any CPU = Release|Any CPU
	EndGlobalSection
	GlobalSection(ProjectConfigurationPlatforms) = postSolution
		{830F4A91-1064-4630-A5D2-AE61380B20F8}.Debug|Any CPU.ActiveCfg = Debug|Any CPU
		{830F4A91-1064-4630-A5D2-AE61380B20F8}.Debug|Any CPU.Build.0 = Debug|Any CPU
		{830F4A91-1064-4630-A5D2-AE61380B20F8}.Release|Any CPU.ActiveCfg = Release|Any CPU
		{830F4A91-1064-4630-A5D2-AE61380B20F8}.Release|Any CPU.Build.0 = Release|Any CPU
		{0C4B95DD-43EC-4325-B125-E01542057973}.Debug|Any CPU.ActiveCfg = Debug|Any CPU
		{0C4B95DD-43EC-4325-B125-E01542057973}.Debug|Any CPU.Build.0 = Debug|Any CPU
		{0C4B95DD-43EC-4325-B125-E01542057973}.Release|Any CPU.ActiveCfg = Release|Any CPU
		{0C4B95DD-43EC-4325-B125-E01542057973}.Release|Any CPU.Build.0 = Release|Any CPU
		{52F7C8DC-52D1-4F79-8FAE-CB05D8B7B81D}.Debug|Any CPU.ActiveCfg = Debug|Any CPU
		{52F7C8DC-52D1-4F79-8FAE-CB05D8B7B81D}.Debug|Any CPU.Build.0 = Debug|Any CPU
		{52F7C8DC-52D1-4F79-8FAE-CB05D8B7B81D}.Release|Any CPU.ActiveCfg = Release|Any CPU
		{52F7C8DC-52D1-4F79-8FAE-CB05D8B7B81D}.Release|Any CPU.Build.0 = Release|Any CPU
	EndGlobalSection
	GlobalSection(SolutionProperties) = preSolution
		HideSolutionNode = FALSE
	EndGlobalSection
EndGlobal
